{
    "_readme": [
        "This file locks the dependencies of your project to a known state",
        "Read more about it at https://getcomposer.org/doc/01-basic-usage.md#installing-dependencies",
        "This file is @generated automatically"
    ],
    "content-hash": "7d7022d7872383b0cc6ef47cf79b71e3",
    "packages": [
        {
            "name": "matthiasmullie/minify",
            "version": "1.3.71",
            "source": {
                "type": "git",
                "url": "https://github.com/matthiasmullie/minify.git",
                "reference": "ae42a47d7fecc1fbb7277b2f2d84c37a33edc3b1"
            },
            "dist": {
                "type": "zip",
                "url": "https://api.github.com/repos/matthiasmullie/minify/zipball/ae42a47d7fecc1fbb7277b2f2d84c37a33edc3b1",
                "reference": "ae42a47d7fecc1fbb7277b2f2d84c37a33edc3b1",
                "shasum": ""
            },
            "require": {
                "ext-pcre": "*",
                "matthiasmullie/path-converter": "~1.1",
                "php": ">=5.3.0"
            },
            "require-dev": {
                "friendsofphp/php-cs-fixer": ">=2.0",
                "matthiasmullie/scrapbook": ">=1.3",
                "phpunit/phpunit": ">=4.8",
                "squizlabs/php_codesniffer": ">=3.0"
            },
            "suggest": {
                "psr/cache-implementation": "Cache implementation to use with Minify::cache"
            },
            "bin": [
                "bin/minifycss",
                "bin/minifyjs"
            ],
            "type": "library",
            "autoload": {
                "psr-4": {
                    "MatthiasMullie\\Minify\\": "src/"
                }
            },
            "notification-url": "https://packagist.org/downloads/",
            "license": [
                "MIT"
            ],
            "authors": [
                {
                    "name": "Matthias Mullie",
                    "email": "minify@mullie.eu",
                    "homepage": "https://www.mullie.eu",
                    "role": "Developer"
                }
            ],
            "description": "CSS & JavaScript minifier, in PHP. Removes whitespace, strips comments, combines files (incl. @import statements and small assets in CSS files), and optimizes/shortens a few common programming patterns.",
            "homepage": "https://github.com/matthiasmullie/minify",
            "keywords": [
                "JS",
                "css",
                "javascript",
                "minifier",
                "minify"
            ],
            "support": {
                "issues": "https://github.com/matthiasmullie/minify/issues",
                "source": "https://github.com/matthiasmullie/minify/tree/1.3.71"
            },
            "funding": [
                {
                    "url": "https://github.com/matthiasmullie",
                    "type": "github"
                }
            ],
            "time": "2023-04-25T20:33:03+00:00"
        },
        {
            "name": "matthiasmullie/path-converter",
            "version": "1.1.3",
            "source": {
                "type": "git",
                "url": "https://github.com/matthiasmullie/path-converter.git",
                "reference": "e7d13b2c7e2f2268e1424aaed02085518afa02d9"
            },
            "dist": {
                "type": "zip",
                "url": "https://api.github.com/repos/matthiasmullie/path-converter/zipball/e7d13b2c7e2f2268e1424aaed02085518afa02d9",
                "reference": "e7d13b2c7e2f2268e1424aaed02085518afa02d9",
                "shasum": ""
            },
            "require": {
                "ext-pcre": "*",
                "php": ">=5.3.0"
            },
            "require-dev": {
                "phpunit/phpunit": "~4.8"
            },
            "type": "library",
            "autoload": {
                "psr-4": {
                    "MatthiasMullie\\PathConverter\\": "src/"
                }
            },
            "notification-url": "https://packagist.org/downloads/",
            "license": [
                "MIT"
            ],
            "authors": [
                {
                    "name": "Matthias Mullie",
                    "email": "pathconverter@mullie.eu",
                    "homepage": "http://www.mullie.eu",
                    "role": "Developer"
                }
            ],
            "description": "Relative path converter",
            "homepage": "http://github.com/matthiasmullie/path-converter",
            "keywords": [
                "converter",
                "path",
                "paths",
                "relative"
            ],
            "support": {
                "issues": "https://github.com/matthiasmullie/path-converter/issues",
                "source": "https://github.com/matthiasmullie/path-converter/tree/1.1.3"
            },
            "time": "2019-02-05T23:41:09+00:00"
        },
        {
            "name": "telegram-bot/api",
            "version": "v2.4.0",
            "source": {
                "type": "git",
                "url": "https://github.com/TelegramBot/Api.git",
                "reference": "7bf57218c5b03df490a97e166b96d064291b9ab2"
            },
            "dist": {
                "type": "zip",
                "url": "https://api.github.com/repos/TelegramBot/Api/zipball/7bf57218c5b03df490a97e166b96d064291b9ab2",
                "reference": "7bf57218c5b03df490a97e166b96d064291b9ab2",
                "shasum": ""
            },
            "require": {
                "ext-curl": "*",
                "ext-json": "*",
                "php": ">=5.5.0"
            },
            "require-dev": {
                "friendsofphp/php-cs-fixer": "^3.16",
                "symfony/phpunit-bridge": "*",
                "vimeo/psalm": "^5.9"
            },
            "type": "library",
            "extra": {
                "branch-alias": {
                    "dev-master": "2.4-dev"
                }
            },
            "autoload": {
                "psr-4": {
                    "TelegramBot\\Api\\": "src"
                }
            },
            "notification-url": "https://packagist.org/downloads/",
            "license": [
                "MIT"
            ],
            "authors": [
                {
                    "name": "Ilya Gusev",
                    "email": "mail@igusev.ru",
                    "homepage": "https://php-cat.com",
                    "role": "Developer"
                }
            ],
            "description": "PHP Wrapper for Telegram Bot API",
            "homepage": "https://github.com/TelegramBot/Api",
            "keywords": [
                "bot",
                "bot api",
                "php",
                "telegram"
            ],
            "support": {
                "issues": "https://github.com/TelegramBot/Api/issues",
                "source": "https://github.com/TelegramBot/Api/tree/v2.4.0"
            },
            "time": "2023-05-11T15:20:55+00:00"
        },
        {
            "name": "twbs/bootstrap",
            "version": "v5.3.1",
            "source": {
                "type": "git",
                "url": "https://github.com/twbs/bootstrap.git",
                "reference": "2a1bf52b73fc9a97f6fef75aa1b29b3e9f0288b3"
            },
            "dist": {
                "type": "zip",
                "url": "https://api.github.com/repos/twbs/bootstrap/zipball/2a1bf52b73fc9a97f6fef75aa1b29b3e9f0288b3",
                "reference": "2a1bf52b73fc9a97f6fef75aa1b29b3e9f0288b3",
                "shasum": ""
            },
            "replace": {
                "twitter/bootstrap": "self.version"
            },
            "type": "library",
            "notification-url": "https://packagist.org/downloads/",
            "license": [
                "MIT"
            ],
            "authors": [
                {
                    "name": "Mark Otto",
                    "email": "markdotto@gmail.com"
                },
                {
                    "name": "Jacob Thornton",
                    "email": "jacobthornton@gmail.com"
                }
            ],
            "description": "The most popular front-end framework for developing responsive, mobile first projects on the web.",
            "homepage": "https://getbootstrap.com/",
            "keywords": [
                "JS",
                "css",
                "framework",
                "front-end",
                "mobile-first",
                "responsive",
                "sass",
                "web"
            ],
            "support": {
                "issues": "https://github.com/twbs/bootstrap/issues",
                "source": "https://github.com/twbs/bootstrap/tree/v5.3.1"
            },
            "time": "2023-07-26T07:46:38+00:00"
        },
        {
            "name": "twbs/bootstrap-icons",
            "version": "v1.10.5",
            "source": {
                "type": "git",
                "url": "https://github.com/twbs/icons.git",
                "reference": "648aa8238437d9da9227f6273cc163ec5841382d"
            },
            "dist": {
                "type": "zip",
                "url": "https://api.github.com/repos/twbs/icons/zipball/648aa8238437d9da9227f6273cc163ec5841382d",
                "reference": "648aa8238437d9da9227f6273cc163ec5841382d",
                "shasum": ""
            },
            "type": "library",
            "notification-url": "https://packagist.org/downloads/",
            "license": [
                "MIT"
            ],
            "authors": [
                {
                    "name": "Mark Otto",
                    "email": "markdotto@gmail.com"
                }
            ],
            "description": "Official open source SVG icon library for Bootstrap",
            "homepage": "https://icons.getbootstrap.com/",
            "keywords": [
                "bootstrap",
                "icon font",
                "icons",
                "svg"
            ],
            "support": {
                "issues": "https://github.com/twbs/icons/issues",
                "source": "https://github.com/twbs/icons/tree/v1.10.5"
            },
            "time": "2023-04-26T19:56:04+00:00"
        }
    ],
    "packages-dev": [],
    "aliases": [],
    "minimum-stability": "stable",
    "stability-flags": [],
    "prefer-stable": false,
    "prefer-lowest": false,
    "platform": [],
    "platform-dev": [],
    "plugin-api-version": "2.3.0"
}
